
Microsoft Visual Studio Solution File, Format Version 12.00
# Visual Studio 15
VisualStudioVersion = 15.0.28010.2046
MinimumVisualStudioVersion = 10.0.40219.1
Project("{FAE04EC0-301F-11D3-BF4B-00C04F79EFBC}") = "Mastermind", "Mastermind\Mastermind.csproj", "{464412C5-CA02-43D8-ABBD-6E7F7AC67200}"
EndProject
Global
	GlobalSection(SolutionConfigurationPlatforms) = preSolution
		Debug|Any CPU = Debug|Any CPU
		Release|Any CPU = Release|Any CPU
	EndGlobalSection
	GlobalSection(ProjectConfigurationPlatforms) = postSolution
		{464412C5-CA02-43D8-ABBD-6E7F7AC67200}.Debug|Any CPU.ActiveCfg = Debug|Any CPU
		{464412C5-CA02-43D8-ABBD-6E7F7AC67200}.Debug|Any CPU.Build.0 = Debug|Any CPU
		{464412C5-CA02-43D8-ABBD-6E7F7AC67200}.Release|Any CPU.ActiveCfg = Release|Any CPU
		{464412C5-CA02-43D8-ABBD-6E7F7AC67200}.Release|Any CPU.Build.0 = Release|Any CPU
	EndGlobalSection
	GlobalSection(SolutionProperties) = preSolution
		HideSolutionNode = FALSE
	EndGlobalSection
	GlobalSection(ExtensibilityGlobals) = postSolution
		SolutionGuid = {29870865-0D5C-423B-9474-6698426F45BF}
	EndGlobalSection
EndGlobal
